
Microsoft Visual Studio Solution File, Format Version 12.00
# Visual Studio Version 16
VisualStudioVersion = 16.0.30413.136
MinimumVisualStudioVersion = 10.0.40219.1
Project("{FAE04EC0-301F-11D3-BF4B-00C04F79EFBC}") = "MyPlathsRecordingSoftware", "MyPlathsRecordingSoftware.csproj", "{27880921-EFE2-4663-B368-A1996BD9DE5B}"
EndProject
Project("{FAE04EC0-301F-11D3-BF4B-00C04F79EFBC}") = "ReusableStuff", "..\ReusableStuff\ReusableStuff.csproj", "{4513B45A-F14C-4753-93AA-1C8C9566E529}"
EndProject
Global
	GlobalSection(SolutionConfigurationPlatforms) = preSolution
		Debug|Any CPU = Debug|Any CPU
		Debug|x86 = Debug|x86
		Release|Any CPU = Release|Any CPU
		Release|x86 = Release|x86
	EndGlobalSection
	GlobalSection(ProjectConfigurationPlatforms) = postSolution
		{27880921-EFE2-4663-B368-A1996BD9DE5B}.Debug|Any CPU.ActiveCfg = Debug|Any CPU
		{27880921-EFE2-4663-B368-A1996BD9DE5B}.Debug|Any CPU.Build.0 = Debug|Any CPU
		{27880921-EFE2-4663-B368-A1996BD9DE5B}.Debug|x86.ActiveCfg = Debug|Any CPU
		{27880921-EFE2-4663-B368-A1996BD9DE5B}.Debug|x86.Build.0 = Debug|Any CPU
		{27880921-EFE2-4663-B368-A1996BD9DE5B}.Release|Any CPU.ActiveCfg = Release|Any CPU
		{27880921-EFE2-4663-B368-A1996BD9DE5B}.Release|Any CPU.Build.0 = Release|Any CPU
		{27880921-EFE2-4663-B368-A1996BD9DE5B}.Release|x86.ActiveCfg = Release|Any CPU
		{27880921-EFE2-4663-B368-A1996BD9DE5B}.Release|x86.Build.0 = Release|Any CPU
		{4513B45A-F14C-4753-93AA-1C8C9566E529}.Debug|Any CPU.ActiveCfg = Debug|x86
		{4513B45A-F14C-4753-93AA-1C8C9566E529}.Debug|x86.ActiveCfg = Debug|x86
		{4513B45A-F14C-4753-93AA-1C8C9566E529}.Debug|x86.Build.0 = Debug|x86
		{4513B45A-F14C-4753-93AA-1C8C9566E529}.Release|Any CPU.ActiveCfg = Debug|x86
		{4513B45A-F14C-4753-93AA-1C8C9566E529}.Release|Any CPU.Build.0 = Debug|x86
		{4513B45A-F14C-4753-93AA-1C8C9566E529}.Release|x86.ActiveCfg = Debug|x86
		{4513B45A-F14C-4753-93AA-1C8C9566E529}.Release|x86.Build.0 = Debug|x86
	EndGlobalSection
	GlobalSection(SolutionProperties) = preSolution
		HideSolutionNode = FALSE
	EndGlobalSection
	GlobalSection(ExtensibilityGlobals) = postSolution
		SolutionGuid = {E13DCF08-E439-415C-A03F-3E8DDF0F8509}
	EndGlobalSection
EndGlobal
